<Solution>
  <Folder Name="/Solution Items/">
    <File Path="Directory.Build.props" />
    <File Path="Directory.Build.targets" />
    <File Path="Directory.Packages.props" />
    <File Path="global.json" />
  </Folder>
  <Project Path="Scrubbler.MediaPlayerScrobblerBase/Scrubbler.MediaPlayerScrobblerBase.csproj" />
  <Project Path="Scrubbler.Test.MediaPlayerScrobblerBaseTest/Scrubbler.Test.MediaPlayerScrobblerBaseTest.csproj" Id="5859bacd-2866-4885-84c9-4d9cd9869fd6" />
</Solution>
